# THIS IS AN AUTOGENERATED FILE. DO NOT EDIT THIS FILE DIRECTLY.
# yarn lockfile v1


"@types/mocha@^9.1.0":
  version "9.1.0"
  resolved "https://registry.yarnpkg.com/@types/mocha/-/mocha-9.1.0.tgz#baf17ab2cca3fcce2d322ebc30454bff487efad5"
  integrity sha512-QCWHkbMv4Y5U9oW10Uxbr45qMMSzl4OzijsozynUAgx3kEHUdXB00udx2dWDQ7f2TU2a2uuiFaRZjCe3unPpeg==

"@ungap/promise-all-settled@1.1.2":
  version "1.1.2"
  resolved "https://registry.yarnpkg.com/@ungap/promise-all-settled/-/promise-all-settled-1.1.2.tgz#aa58042711d6e3275dd37dc597e5d31e8c290a44"
  integrity sha512-sL/cEvJWAnClXw0wHk85/2L0G6Sj8UB0Ctc1TEMbKSsmpRosqhwj9gWgFRZSrBr2f9tiXISwNhCPmlfqUqyb9Q==

ansi-colors@4.1.1:
  version "4.1.1"
  resolved "https://pkgs.dev.azure.com/terrapin-prod/Terrapin/_packaging/open-source-packages-2/npm/registry/ansi-colors/-/ansi-colors-4.1.1.tgz#29ac7ec4dd807fc8a0e33eec90b3e0ba8f449ba9"
  integrity sha1-Kax+xN2Af8ig4z7skLPguo9Em6k=

ansi-regex@^5.0.0:
  version "5.0.1"
  resolved "https://registry.yarnpkg.com/ansi-regex/-/ansi-regex-5.0.1.tgz#082cb2c89c9fe8659a311a53bd6a4dc5301db304"
  integrity sha512-quJQXlTSUGL2LH9SUXo8VwsY4soanhgo6LNSm84E1LBcE8s3O0wpdiRzyR9z/ZZJMlMWv37qOOb9pdJlMUEKFQ==

ansi-styles@^4.0.0, ansi-styles@^4.1.0:
  version "4.3.0"
  resolved "https://pkgs.dev.azure.com/terrapin-prod/Terrapin/_packaging/open-source-packages-2/npm/registry/ansi-styles/-/ansi-styles-4.3.0.tgz#fca1df514abe518e9bb0145518e8f7becd6ad179"
  integrity sha1-/KHfUUq+UY6bsBRVGOj3vs1q0Xk=
  dependencies:
    color-convert "^2.0.1"

anymatch@~3.1.2:
  version "3.1.2"
  resolved "https://registry.yarnpkg.com/anymatch/-/anymatch-3.1.2.tgz#c0557c096af32f106198f4f4e2a383537e378716"
  integrity sha512-P43ePfOAIupkguHUycrc4qJ9kz8ZiuOUijaETwX7THt0Y/GNK7v0aa8rY816xWjZ7rJdA5XdMcpVFTKMq+RvWg==
  dependencies:
    normalize-path "^3.0.0"
    picomatch "^2.0.4"

argparse@^2.0.1:
  version "2.0.1"
  resolved "https://pkgs.dev.azure.com/terrapin-prod/Terrapin/_packaging/open-source-packages-2/npm/registry/argparse/-/argparse-2.0.1.tgz#c8a540f2b34c977d7356a4295ec4490bfe2ff6b2"
  integrity sha1-yKVA8rNMl31zVqQpXsRJC/4v9rI=

balanced-match@^1.0.0:
  version "1.0.2"
  resolved "https://registry.yarnpkg.com/balanced-match/-/balanced-match-1.0.2.tgz#e83e3a7e3f300b34cb9d87f615fa0cbf357690ee"
  integrity sha512-3oSeUO0TMV67hN1AmbXsK4yaqU7tjiHlbxRDZOpH0KW9+CeX4bRAaX0Anxt0tx2MrpRpWwQaPwIlISEJhYU5Pw==

binary-extensions@^2.0.0:
  version "2.2.0"
  resolved "https://pkgs.dev.azure.com/terrapin-prod/Terrapin/_packaging/open-source-packages-2/npm/registry/binary-extensions/-/binary-extensions-2.2.0.tgz#d5657e138d17f1690e0d1eb87024416b359b1e46"
  integrity sha1-1WV+E40X8WkODR64cCRBazWbHkY=

brace-expansion@^1.1.7:
  version "1.1.11"
  resolved "https://pkgs.dev.azure.com/terrapin-prod/Terrapin/_packaging/open-source-packages-2/npm/registry/brace-expansion/-/brace-expansion-1.1.11.tgz#d1c4e0b126744c20bad5d1cfc63d721bd6c1bc25"
  integrity sha1-0cTgsSZ0TCC61dHPxj1yG9bBvCU=
  dependencies:
    balanced-match "^1.0.0"
    concat-map "0.0.1"

braces@~3.0.2:
  version "3.0.2"
  resolved "https://pkgs.dev.azure.com/terrapin-prod/Terrapin/_packaging/open-source-packages-2/npm/registry/braces/-/braces-3.0.2.tgz#7013fe3589eefb4459d8ec230bea2209a6555e1e"
  integrity sha1-cBP+NYnu+0RZ2OwjC+oiCaZVXh4=
  dependencies:
    fill-range "^7.0.1"

browser-stdout@1.3.1:
  version "1.3.1"
  resolved "https://pkgs.dev.azure.com/terrapin-prod/Terrapin/_packaging/open-source-packages-2/npm/registry/browser-stdout/-/browser-stdout-1.3.1.tgz#f95b3cad4f97396ad2909d8bbefc8c34d536a4ee"
  integrity sha1-+Vs8rU+XOWrSkJ2LvvyMNNU2pO4=

camelcase@^6.0.0:
  version "6.2.0"
  resolved "https://pkgs.dev.azure.com/terrapin-prod/Terrapin/_packaging/open-source-packages-2/npm/registry/camelcase/-/camelcase-6.2.0.tgz#ac71fb7e2d79569f927dc18d8024a6115bdb3ffd"
  integrity sha1-rHH7fi15Vp+SfcGNgCSmEVvbP/0=

chalk@^4.1.0:
  version "4.1.2"
  resolved "https://registry.yarnpkg.com/chalk/-/chalk-4.1.2.tgz#aac4e2b7734a740867aeb16bf02aad556a1e7a01"
  integrity sha512-oKnbhFyRIXpUuez8iBMmyEa4nbj4IOQyuhc/wy9kY7/WVPcwIO9VA668Pu8RkO7+0G76SLROeyw9CpQ061i4mA==
  dependencies:
    ansi-styles "^4.1.0"
    supports-color "^7.1.0"

chokidar@3.5.3:
  version "3.5.3"
  resolved "https://registry.yarnpkg.com/chokidar/-/chokidar-3.5.3.tgz#1cf37c8707b932bd1af1ae22c0432e2acd1903bd"
  integrity sha512-Dr3sfKRP6oTcjf2JmUmFJfeVMvXBdegxB0iVQ5eb2V10uFJUCAS8OByZdVAyVb8xXNz3GjjTgj9kLWsZTqE6kw==
  dependencies:
    anymatch "~3.1.2"
    braces "~3.0.2"
    glob-parent "~5.1.2"
    is-binary-path "~2.1.0"
    is-glob "~4.0.1"
    normalize-path "~3.0.0"
    readdirp "~3.6.0"
  optionalDependencies:
    fsevents "~2.3.2"

cliui@^7.0.2:
  version "7.0.4"
  resolved "https://pkgs.dev.azure.com/terrapin-prod/Terrapin/_packaging/open-source-packages-2/npm/registry/cliui/-/cliui-7.0.4.tgz#88fdc2200968e9add764421ac8928f7ab97332d6"
  integrity sha1-iP3CIAlo6a3XZEIayJKPerlzMtY=
  dependencies:
    string-width "^4.2.0"
    strip-ansi "^6.0.0"
    wrap-ansi "^7.0.0"

color-convert@^2.0.1:
  version "2.0.1"
  resolved "https://pkgs.dev.azure.com/terrapin-prod/Terrapin/_packaging/open-source-packages-2/npm/registry/color-convert/-/color-convert-2.0.1.tgz#55587cf417889ed1509f7ecf0437c0080ceb7d8b"
  integrity sha1-VVh89BeIntFQn37PBDfACAzrfYs=
  dependencies:
    color-name "~1.1.4"

color-name@~1.1.4:
  version "1.1.4"
  resolved "https://pkgs.dev.azure.com/terrapin-prod/Terrapin/_packaging/open-source-packages-2/npm/registry/color-name/-/color-name-1.1.4.tgz#92e6def86e7fdfd336bd72fb368fb4d912bb91c7"
  integrity sha1-kube+G5/39M2vXL7No+02RK7kcc=

concat-map@0.0.1:
  version "0.0.1"
  resolved "https://pkgs.dev.azure.com/terrapin-prod/Terrapin/_packaging/open-source-packages-2/npm/registry/concat-map/-/concat-map-0.0.1.tgz#915a2686036b0a6aadf58bcbd4fb850b61cf9be4"
  integrity sha1-kVomhgNrCmqt9YvL1PuFC2HPm+Q=

debug@4.3.3:
  version "4.3.3"
  resolved "https://registry.yarnpkg.com/debug/-/debug-4.3.3.tgz#04266e0b70a98d4462e6e288e38259213332b664"
  integrity sha512-/zxw5+vh1Tfv+4Qn7a5nsbcJKPaSvCDhojn6FEl9vupwK2VCSDtEiEtqr8DFtzYFOdz63LBkxec7DYuc2jon6Q==
  dependencies:
    ms "2.1.2"

decamelize@^4.0.0:
  version "4.0.0"
  resolved "https://pkgs.dev.azure.com/terrapin-prod/Terrapin/_packaging/open-source-packages-2/npm/registry/decamelize/-/decamelize-4.0.0.tgz#6370df836a46372049e0c954746b63203a77f68e"
  integrity sha1-Y3Dfg2pGNyBJ4MlUdGtjIDp39o4=

diff@5.0.0:
  version "5.0.0"
  resolved "https://registry.yarnpkg.com/diff/-/diff-5.0.0.tgz#7ed6ad76d859d030787ec35855f5b1daf31d852b"
  integrity sha512-/VTCrvm5Z0JGty/BWHljh+BAiw3IK+2j87NGMu8Nwc/f48WoDAC395uomO9ZD117ZOBaHmkX1oyLvkVM/aIT3w==

emoji-regex@^8.0.0:
  version "8.0.0"
  resolved "https://pkgs.dev.azure.com/terrapin-prod/Terrapin/_packaging/open-source-packages-2/npm/registry/emoji-regex/-/emoji-regex-8.0.0.tgz#0bc7953482ad3874df3f6319bc78e16c0095ac56"
  integrity sha1-C8eVNIKtOHTfP2MZvHjhbACVrFY=

escalade@^3.1.1:
  version "3.1.1"
  resolved "https://pkgs.dev.azure.com/terrapin-prod/Terrapin/_packaging/open-source-packages-2/npm/registry/escalade/-/escalade-3.1.1.tgz#803f1286cc258720d7ed60d41964b27d815e34b1"
  integrity sha1-gD8ShswlhyDX7WDUGWSyfYFeNLE=

escape-string-regexp@4.0.0:
  version "4.0.0"
  resolved "https://pkgs.dev.azure.com/terrapin-prod/Terrapin/_packaging/open-source-packages-2/npm/registry/escape-string-regexp/-/escape-string-regexp-4.0.0.tgz#210bc8744e517843cb798f8c7b1d5506fe32d2b7"
  integrity sha1-IQvIdE5ReEPLeY+Mex1VBv4y0rc=

fill-range@^7.0.1:
  version "7.0.1"
  resolved "https://pkgs.dev.azure.com/terrapin-prod/Terrapin/_packaging/open-source-packages-2/npm/registry/fill-range/-/fill-range-7.0.1.tgz#798c4544b9925daef96746ab0f3a2f308b353afb"
  integrity sha1-eYxFRLmSXa75Z0arDzovMIs1Ovs=
  dependencies:
    to-regex-range "^5.0.1"

find-up@5.0.0:
  version "5.0.0"
  resolved "https://pkgs.dev.azure.com/terrapin-prod/Terrapin/_packaging/open-source-packages-2/npm/registry/find-up/-/find-up-5.0.0.tgz#2d28431ebf5d4341b93695b3e7ef3fd9f569da62"
  integrity sha1-LShDHr9dQ0G5NpWz5+8/2fVp2mI=
  dependencies:
    locate-path "^6.0.0"
    path-exists "^4.0.0"

flat@^5.0.2:
  version "5.0.2"
  resolved "https://pkgs.dev.azure.com/terrapin-prod/Terrapin/_packaging/open-source-packages-2/npm/registry/flat/-/flat-5.0.2.tgz#f35fce72cfc71577cdee36ffc8ab521660eb715a"
  integrity sha1-81/Ocs/HFXfN7jb/yKtSFmDrcVo=

fs.realpath@^1.0.0:
  version "1.0.0"
  resolved "https://pkgs.dev.azure.com/terrapin-prod/Terrapin/_packaging/open-source-packages-2/npm/registry/fs.realpath/-/fs.realpath-1.0.0.tgz#b9c4c99ba136184e4d7139eb4b1bd2ddb7da6d5c"
  integrity sha1-ucTJm6E2GE5NcTnrSxvS3bfabVw=

fsevents@~2.3.2:
  version "2.3.2"
  resolved "https://registry.yarnpkg.com/fsevents/-/fsevents-2.3.2.tgz#8a526f78b8fdf4623b709e0b975c52c24c02fd1a"
  integrity sha512-xiqMQR4xAeHTuB9uWm+fFRcIOgKBMiOBP+eXiyT7jsgVCq1bkVygt00oASowB7EdtpOHaaPgKt812P9ab+DDKA==

get-caller-file@^2.0.5:
  version "2.0.5"
  resolved "https://pkgs.dev.azure.com/terrapin-prod/Terrapin/_packaging/open-source-packages-2/npm/registry/get-caller-file/-/get-caller-file-2.0.5.tgz#bc718c3460c152e0b6f178707fdc958134e93f2c"
  integrity sha1-vHGMNGDBUuC28Xhwf9yVgTTpPyw=

glob-parent@~5.1.2:
  version "5.1.2"
  resolved "https://registry.yarnpkg.com/glob-parent/-/glob-parent-5.1.2.tgz#869832c58034fe68a4093c17dc15e8340d8401c4"
  integrity sha512-AOIgSQCepiJYwP3ARnGx+5VnTu2HBYdzbGP45eLw1vr3zB3vZLeyed1sC9hnbcOc9/SrMyM5RPQrkGz4aS9Zow==
  dependencies:
    is-glob "^4.0.1"

glob@7.2.0:
  version "7.2.0"
  resolved "https://registry.yarnpkg.com/glob/-/glob-7.2.0.tgz#d15535af7732e02e948f4c41628bd910293f6023"
  integrity sha512-lmLf6gtyrPq8tTjSmrO94wBeQbFR3HbLHbuyD69wuyQkImp2hWqMGB47OX65FBkPffO641IP9jWa1z4ivqG26Q==
  dependencies:
    fs.realpath "^1.0.0"
    inflight "^1.0.4"
    inherits "2"
    minimatch "^3.0.4"
    once "^1.3.0"
    path-is-absolute "^1.0.0"

growl@1.10.5:
  version "1.10.5"
  resolved "https://registry.yarnpkg.com/growl/-/growl-1.10.5.tgz#f2735dc2283674fa67478b10181059355c369e5e"
  integrity sha512-qBr4OuELkhPenW6goKVXiv47US3clb3/IbuWF9KNKEijAy9oeHxU9IgzjvJhHkUzhaj7rOUD7+YGWqUjLp5oSA==

has-flag@^4.0.0:
  version "4.0.0"
  resolved "https://pkgs.dev.azure.com/terrapin-prod/Terrapin/_packaging/open-source-packages-2/npm/registry/has-flag/-/has-flag-4.0.0.tgz#de5b442c6925075d18cca26ab81b5087ed930019"
  integrity sha1-3ltELGklB10YzKJquBtQh+2TABk=

he@1.2.0:
  version "1.2.0"
  resolved "https://registry.yarnpkg.com/he/-/he-1.2.0.tgz#84ae65fa7eafb165fddb61566ae14baf05664f0f"
  integrity sha512-F/1DnUGPopORZi0ni+CvrCgHQ5FyEAHRLSApuYWMmrbSwoN2Mn/7k+Gl38gJnR7yyDZk6WLXwiGod1JOWNDKGw==

inflight@^1.0.4:
  version "1.0.6"
  resolved "https://pkgs.dev.azure.com/terrapin-prod/Terrapin/_packaging/open-source-packages-2/npm/registry/inflight/-/inflight-1.0.6.tgz#4918fc1752c85ee16f83cbf7784d01cd852a1ca7"
  integrity sha1-SRj8F1LIXuFvg8v3eE0BzYUqHKc=
  dependencies:
    once "^1.3.0"
    wrappy "1"

inherits@2:
  version "2.0.4"
  resolved "https://pkgs.dev.azure.com/terrapin-prod/Terrapin/_packaging/open-source-packages-2/npm/registry/inherits/-/inherits-2.0.4.tgz#aecb2732640f99b0c4acc6043e90a327c4d55655"
  integrity sha1-rssnMmQPmbDErMYEPpCjJ8TVVlU=

is-binary-path@~2.1.0:
  version "2.1.0"
  resolved "https://pkgs.dev.azure.com/terrapin-prod/Terrapin/_packaging/open-source-packages-2/npm/registry/is-binary-path/-/is-binary-path-2.1.0.tgz#4d95ff87c86b798fd5a3a9a713b7886e32d7614d"
  integrity sha1-TZX/h8hreY/Vo6mnE7eIbjLXYU0=
  dependencies:
    binary-extensions "^2.0.0"

is-extglob@^2.1.1:
  version "2.1.1"
  resolved "https://registry.npmjs.org/is-extglob/-/is-extglob-2.1.1.tgz#a88c02535791f02ed37c76a1b9ea9773c833f8c2"
  integrity sha512-SbKbANkN603Vi4jEZv49LeVJMn4yGwsbzZworEoyEiutsN3nJYdbO36zfhGJ6QEDpOZIFkDtnq5JRxmvl3jsoQ==

is-fullwidth-code-point@^3.0.0:
  version "3.0.0"
  resolved "https://pkgs.dev.azure.com/terrapin-prod/Terrapin/_packaging/open-source-packages-2/npm/registry/is-fullwidth-code-point/-/is-fullwidth-code-point-3.0.0.tgz#d6438370979dad842e841064af48d3ed03feeded"
  integrity sha1-1kODcJedrYQuhBBkr0jT7QP+7e0=

is-glob@^4.0.1, is-glob@~4.0.1:
  version "4.0.1"
  resolved "https://pkgs.dev.azure.com/terrapin-prod/Terrapin/_packaging/open-source-packages-2/npm/registry/is-glob/-/is-glob-4.0.1.tgz#75715bd062b9385fb6a19873428f971e8e00ad0e"
  integrity sha1-dXFb0GK5OF+2oZhzQo+XHo4ArQ4=
  dependencies:
    is-extglob "^2.1.1"

is-number@^7.0.0:
  version "7.0.0"
  resolved "https://pkgs.dev.azure.com/terrapin-prod/Terrapin/_packaging/open-source-packages-2/npm/registry/is-number/-/is-number-7.0.0.tgz#4bb474622465959243b1d7ea76d16a8d421e6b5a"
  integrity sha1-S7R0YiRllZJDsdfqdtFqjUIea1o=

is-plain-obj@^2.1.0:
  version "2.1.0"
  resolved "https://pkgs.dev.azure.com/terrapin-prod/Terrapin/_packaging/open-source-packages-2/npm/registry/is-plain-obj/-/is-plain-obj-2.1.0.tgz#e0283fe2a64173a44287d2d1b9c29cc7da1d3e27"
  integrity sha1-4Cg/4qZBc6RCh9LRucKcx9odPic=

is-unicode-supported@^0.1.0:
  version "0.1.0"
  resolved "https://registry.yarnpkg.com/is-unicode-supported/-/is-unicode-supported-0.1.0.tgz#3f26c76a809593b52bfa2ecb5710ed2779b522a7"
  integrity sha512-knxG2q4UC3u8stRGyAVJCOdxFmv5DZiRcdlIaAQXAbSfJya+OhopNotLQrstBhququ4ZpuKbDc/8S6mgXgPFPw==

isexe@^2.0.0:
  version "2.0.0"
  resolved "https://pkgs.dev.azure.com/terrapin-prod/Terrapin/_packaging/open-source-packages-2/npm/registry/isexe/-/isexe-2.0.0.tgz#6faddbdbcc8d6f48160262b1c06b711bdc63730b"
  integrity sha1-b63b28yNb0gWAmKxwGtxG9xjcws=

js-yaml@4.1.0:
  version "4.1.0"
  resolved "https://registry.yarnpkg.com/js-yaml/-/js-yaml-4.1.0.tgz#c1fb65f8f5017901cdd2c951864ba18458a10602"
  integrity sha512-wpxZs9NoxZaJESJGIZTyDEaYpl0FKSA+FB9aJiyemKhMwkxQg63h4T1KJgUGHpTqPDNRcmmYLugrRjJlBtWvRA==
  dependencies:
    argparse "^2.0.1"

locate-path@^6.0.0:
  version "6.0.0"
  resolved "https://pkgs.dev.azure.com/terrapin-prod/Terrapin/_packaging/open-source-packages-2/npm/registry/locate-path/-/locate-path-6.0.0.tgz#46eb3c751a034da6cfa0632c77ca8f753a9320f5"
  integrity sha1-Rus8dRoDTabPoGMsd8qPdTqTIPU=
  dependencies:
    p-locate "^5.0.0"

log-symbols@4.1.0:
  version "4.1.0"
  resolved "https://registry.yarnpkg.com/log-symbols/-/log-symbols-4.1.0.tgz#3fbdbb95b4683ac9fc785111e792e558d4abd503"
  integrity sha512-8XPvpAA8uyhfteu8pIvQxpJZ7SYYdpUivZpGy6sFsBuKRY/7rQGavedeB8aK+Zkyq6upMFVL/9AW6vOYzfRyLg==
  dependencies:
    chalk "^4.1.0"
    is-unicode-supported "^0.1.0"

minimatch@3.0.4, minimatch@^3.0.4:
  version "3.0.4"
  resolved "https://pkgs.dev.azure.com/terrapin-prod/Terrapin/_packaging/open-source-packages-2/npm/registry/minimatch/-/minimatch-3.0.4.tgz#0e2a8648045d77cf61784d7fe8a7552c76a8cf43"
  integrity sha1-DiqGSARdd89heE1/6KdVLHaoz0M=
  dependencies:
    brace-expansion "^1.1.7"

mocha@^9.2.1:
  version "9.2.1"
  resolved "https://registry.yarnpkg.com/mocha/-/mocha-9.2.1.tgz#a1abb675aa9a8490798503af57e8782a78f1338e"
  integrity sha512-T7uscqjJVS46Pq1XDXyo9Uvey9gd3huT/DD9cYBb4K2Xc/vbKRPUWK067bxDQRK0yIz6Jxk73IrnimvASzBNAQ==
  dependencies:
    "@ungap/promise-all-settled" "1.1.2"
    ansi-colors "4.1.1"
    browser-stdout "1.3.1"
    chokidar "3.5.3"
    debug "4.3.3"
    diff "5.0.0"
    escape-string-regexp "4.0.0"
    find-up "5.0.0"
    glob "7.2.0"
    growl "1.10.5"
    he "1.2.0"
    js-yaml "4.1.0"
    log-symbols "4.1.0"
    minimatch "3.0.4"
    ms "2.1.3"
    nanoid "3.2.0"
    serialize-javascript "6.0.0"
    strip-json-comments "3.1.1"
    supports-color "8.1.1"
    which "2.0.2"
    workerpool "6.2.0"
    yargs "16.2.0"
    yargs-parser "20.2.4"
    yargs-unparser "2.0.0"

ms@2.1.2:
  version "2.1.2"
  resolved "https://pkgs.dev.azure.com/terrapin-prod/Terrapin/_packaging/open-source-packages-2/npm/registry/ms/-/ms-2.1.2.tgz#189ccdaf0903450bfa14b1e384dd5a65fe8828d7"
  integrity sha1-GJzNrwkDRQv6FLHjhN1aZf6IKNc=

ms@2.1.3:
  version "2.1.3"
  resolved "https://pkgs.dev.azure.com/terrapin-prod/Terrapin/_packaging/open-source-packages-2/npm/registry/ms/-/ms-2.1.3.tgz#74a43e4cfd2b2121108c73fb59c9aeac3f536fa5"
  integrity sha1-dKQ+TP0rISEQjHP7WcmurD9Tb6U=

nan@^2.14.0:
  version "2.15.0"
  resolved "https://registry.yarnpkg.com/nan/-/nan-2.15.0.tgz#3f34a473ff18e15c1b5626b62903b5ad6e665fee"
  integrity sha512-8ZtvEnA2c5aYCZYd1cvgdnU6cqwixRoYg70xPLWUws5ORTa/lnw+u4amixRS/Ac5U5mQVgp9pnlSUnbNWFaWZQ==

nanoid@3.2.0:
  version "3.2.0"
  resolved "https://registry.yarnpkg.com/nanoid/-/nanoid-3.2.0.tgz#62667522da6673971cca916a6d3eff3f415ff80c"
  integrity sha512-fmsZYa9lpn69Ad5eDn7FMcnnSR+8R34W9qJEijxYhTbfOWzr22n1QxCMzXLK+ODyW2973V3Fux959iQoUxzUIA==

node-pty@^0.10.1:
  version "0.10.1"
  resolved "https://registry.yarnpkg.com/node-pty/-/node-pty-0.10.1.tgz#cd05d03a2710315ec40221232ec04186f6ac2c6d"
  integrity sha512-JTdtUS0Im/yRsWJSx7yiW9rtpfmxqxolrtnyKwPLI+6XqTAPW/O2MjS8FYL4I5TsMbH2lVgDb2VMjp+9LoQGNg==
  dependencies:
    nan "^2.14.0"

normalize-path@^3.0.0, normalize-path@~3.0.0:
  version "3.0.0"
  resolved "https://registry.yarnpkg.com/normalize-path/-/normalize-path-3.0.0.tgz#0dcd69ff23a1c9b11fd0978316644a0388216a65"
  integrity sha512-6eZs5Ls3WtCisHWp9S2GUy8dqkpGi4BVSz3GaqiE6ezub0512ESztXUwUB6C6IKbQkY2Pnb/mD4WYojCRwcwLA==

once@^1.3.0:
  version "1.4.0"
  resolved "https://pkgs.dev.azure.com/terrapin-prod/Terrapin/_packaging/open-source-packages-2/npm/registry/once/-/once-1.4.0.tgz#e7e69bb7d351b880c40b39937873f96cb4f198ab"
  integrity sha1-5+abt9NRuIDECzmTeHP5bLTxmKs=
  dependencies:
    wrappy "1"

p-limit@^3.0.2:
  version "3.1.0"
  resolved "https://pkgs.dev.azure.com/terrapin-prod/Terrapin/_packaging/open-source-packages-2/npm/registry/p-limit/-/p-limit-3.1.0.tgz#fdb1b857da47fc1c71f2d77e2e9da8bd9a453c6c"
  integrity sha1-/bG4V9pH/Bxx8td+Lp2ovZpFPGw=
  dependencies:
    yocto-queue "^0.1.0"

p-locate@^5.0.0:
  version "5.0.0"
  resolved "https://pkgs.dev.azure.com/terrapin-prod/Terrapin/_packaging/open-source-packages-2/npm/registry/p-locate/-/p-locate-5.0.0.tgz#cc6077e8ea7400678ce3999dc01f4514ba18f87f"
  integrity sha1-zGB36Op0AGeM45mdwB9FFLoY+H8=
  dependencies:
    p-limit "^3.0.2"

path-exists@^4.0.0:
  version "4.0.0"
  resolved "https://pkgs.dev.azure.com/terrapin-prod/Terrapin/_packaging/open-source-packages-2/npm/registry/path-exists/-/path-exists-4.0.0.tgz#ed17898cc2a1608ad572b6b2f080936cbc48a927"
  integrity sha1-7ReJjMKhYIrVcray8ICTbLxIqSc=

path-is-absolute@^1.0.0:
  version "1.0.1"
  resolved "https://pkgs.dev.azure.com/terrapin-prod/Terrapin/_packaging/open-source-packages-2/npm/registry/path-is-absolute/-/path-is-absolute-1.0.1.tgz#cfbb13131a42860038384ba111ab0de9c7b4881a"
  integrity sha1-z7sTExpChgA4OEuhEasN6ce0iBo=

picomatch@^2.0.4, picomatch@^2.2.1:
  version "2.3.0"
  resolved "https://registry.yarnpkg.com/picomatch/-/picomatch-2.3.0.tgz#f1f061de8f6a4bf022892e2d128234fb98302972"
  integrity sha512-lY1Q/PiJGC2zOv/z391WOTD+Z02bCgsFfvxoXXf6h7kv9o+WmsmzYqrAwY63sNgOxE4xEdq0WyUnXfKeBrSvYw==

randombytes@^2.1.0:
  version "2.1.0"
  resolved "https://pkgs.dev.azure.com/terrapin-prod/Terrapin/_packaging/open-source-packages-2/npm/registry/randombytes/-/randombytes-2.1.0.tgz#0c19d130c02b944ed9d590583b5db45eb2ba3349"
  integrity sha1-DBnRMMArlE7Z1ZBYO120XrK6M0k=
  dependencies:
    safe-buffer "^5.1.0"

readdirp@~3.6.0:
  version "3.6.0"
  resolved "https://registry.yarnpkg.com/readdirp/-/readdirp-3.6.0.tgz#74a370bd857116e245b29cc97340cd431a02a6c7"
  integrity sha512-hOS089on8RduqdbhvQ5Z37A0ESjsqz6qnRcffsMU3495FuTdqSm+7bhJ29JvIOsBDEEnan5DPu9t3To9VRlMzA==
  dependencies:
    picomatch "^2.2.1"

require-directory@^2.1.1:
  version "2.1.1"
  resolved "https://pkgs.dev.azure.com/terrapin-prod/Terrapin/_packaging/open-source-packages-2/npm/registry/require-directory/-/require-directory-2.1.1.tgz#f0c65b6f32368d10861e0d9d8db7d4b45b54451e"
  integrity sha1-8MZbbzI2jRCGHg2djbfUtFtURR4=

safe-buffer@^5.1.0:
  version "5.2.1"
  resolved "https://pkgs.dev.azure.com/terrapin-prod/Terrapin/_packaging/open-source-packages-2/npm/registry/safe-buffer/-/safe-buffer-5.2.1.tgz#3c8e05257ed5f7aa428b79f55175b9b7ce5c473b"
  integrity sha1-PI4FJX7V96pCi3n1UXW5t85cRzs=

serialize-javascript@6.0.0:
  version "6.0.0"
  resolved "https://registry.yarnpkg.com/serialize-javascript/-/serialize-javascript-6.0.0.tgz#efae5d88f45d7924141da8b5c3a7a7e663fefeb8"
  integrity sha512-Qr3TosvguFt8ePWqsvRfrKyQXIiW+nGbYpy8XK24NQHE83caxWt+mIymTT19DGFbNWNLfEwsrkSmN64lVWB9ag==
  dependencies:
    randombytes "^2.1.0"

string-width@^4.1.0, string-width@^4.2.0:
  version "4.2.2"
  resolved "https://registry.yarnpkg.com/string-width/-/string-width-4.2.2.tgz#dafd4f9559a7585cfba529c6a0a4f73488ebd4c5"
  integrity sha512-XBJbT3N4JhVumXE0eoLU9DCjcaF92KLNqTmFCnG1pf8duUxFGwtP6AD6nkjw9a3IdiRtL3E2w3JDiE/xi3vOeA==
  dependencies:
    emoji-regex "^8.0.0"
    is-fullwidth-code-point "^3.0.0"
    strip-ansi "^6.0.0"

strip-ansi@^6.0.0:
  version "6.0.0"
  resolved "https://pkgs.dev.azure.com/terrapin-prod/Terrapin/_packaging/open-source-packages-2/npm/registry/strip-ansi/-/strip-ansi-6.0.0.tgz#56ed759d46841b9aad2fbab319193e61429ba518"
  integrity sha1-Vu11nUaEG5qtL7qzGRk+YUKbpRg=
  dependencies:
    ansi-regex "^5.0.0"

strip-json-comments@3.1.1:
  version "3.1.1"
  resolved "https://pkgs.dev.azure.com/terrapin-prod/Terrapin/_packaging/open-source-packages-2/npm/registry/strip-json-comments/-/strip-json-comments-3.1.1.tgz#58acd52ff9d870337fd00eb43d08801a4ea642b9"
  integrity sha1-WKzVL/nYcDN/0A60PQiAGk6mQrk=

supports-color@8.1.1:
  version "8.1.1"
  resolved "https://registry.yarnpkg.com/supports-color/-/supports-color-8.1.1.tgz#cd6fc17e28500cff56c1b86c0a7fd4a54a73005c"
  integrity sha512-MpUEN2OodtUzxvKQl72cUF7RQ5EiHsGvSsVG0ia9c5RbWGL2CI4C7EpPS8UTBIplnlzZiNuV56w+FuNxy3ty2Q==
  dependencies:
    has-flag "^4.0.0"

supports-color@^7.1.0:
  version "7.2.0"
  resolved "https://pkgs.dev.azure.com/terrapin-prod/Terrapin/_packaging/open-source-packages-2/npm/registry/supports-color/-/supports-color-7.2.0.tgz#1ae1ecc04fbd06da6955ab11fa8f03308bb7d01a"
  integrity sha1-GuHswE+9BtppVasR+o8DMIu30Bo=
  dependencies:
    has-flag "^4.0.0"

to-regex-range@^5.0.1:
  version "5.0.1"
  resolved "https://registry.yarnpkg.com/to-regex-range/-/to-regex-range-5.0.1.tgz#1648c44aae7c8d988a326018ed72f5b4dd0392e4"
  integrity sha512-65P7iz6X5yEr1cwcgvQxbbIw7Uk3gOy5dIdtZ4rDveLqhrdJP+Li/Hx6tyK0NEb+2GCyneCMJiGqrADCSNk8sQ==
  dependencies:
    is-number "^7.0.0"

which@2.0.2:
  version "2.0.2"
  resolved "https://registry.yarnpkg.com/which/-/which-2.0.2.tgz#7c6a8dd0a636a0327e10b59c9286eee93f3f51b1"
  integrity sha512-BLI3Tl1TW3Pvl70l3yq3Y64i+awpwXqsGBYWkkqMtnbXgrMD+yj7rhW0kuEDxzJaYXGjEW5ogapKNMEKNMjibA==
  dependencies:
    isexe "^2.0.0"

workerpool@6.2.0:
  version "6.2.0"
  resolved "https://registry.yarnpkg.com/workerpool/-/workerpool-6.2.0.tgz#827d93c9ba23ee2019c3ffaff5c27fccea289e8b"
  integrity sha512-Rsk5qQHJ9eowMH28Jwhe8HEbmdYDX4lwoMWshiCXugjtHqMD9ZbiqSDLxcsfdqsETPzVUtX5s1Z5kStiIM6l4A==

wrap-ansi@^7.0.0:
  version "7.0.0"
  resolved "https://pkgs.dev.azure.com/terrapin-prod/Terrapin/_packaging/open-source-packages-2/npm/registry/wrap-ansi/-/wrap-ansi-7.0.0.tgz#4ea588da9a676604ebdd5742314264b72f461375"
  integrity sha1-TqWI2ppnZgTr3VdCMUJkty9GE3U=
  dependencies:
    ansi-styles "^4.0.0"
    string-width "^4.1.0"
    strip-ansi "^6.0.0"

wrappy@1:
  version "1.0.2"
  resolved "https://pkgs.dev.azure.com/terrapin-prod/Terrapin/_packaging/open-source-packages-2/npm/registry/wrappy/-/wrappy-1.0.2.tgz#f7a5a4de103e55ded55f74d4cbf26b9c8f2b7f03"
  integrity sha1-96Wk3hA+Vd7VX3TUy/JrnI8rfwM=

y18n@^5.0.5:
  version "5.0.8"
  resolved "https://registry.yarnpkg.com/y18n/-/y18n-5.0.8.tgz#7f4934d0f7ca8c56f95314939ddcd2dd91ce1d55"
  integrity sha512-0pfFzegeDWJHJIAmTLRP2DwHjdF5s7jo9tuztdQxAhINCdvS+3nGINqPd00AphqJR/0LhANUS6/+7SCb98YOfA==

yargs-parser@20.2.4:
  version "20.2.4"
  resolved "https://pkgs.dev.azure.com/terrapin-prod/Terrapin/_packaging/open-source-packages-2/npm/registry/yargs-parser/-/yargs-parser-20.2.4.tgz#1e3a8c6b4ce9096af0bebbeb524bebaab4737cc3"
  integrity sha1-HjqMa0zpCWrwvrvrUkvrqrRzfMM=

yargs-parser@^20.2.2:
  version "20.2.9"
  resolved "https://registry.yarnpkg.com/yargs-parser/-/yargs-parser-20.2.9.tgz#2eb7dc3b0289718fc295f362753845c41a0c94ee"
  integrity sha512-y11nGElTIV+CT3Zv9t7VKl+Q3hTQoT9a1Qzezhhl6Rp21gJ/IVTW7Z3y9EWXhuUBC2Shnf+DX0antecpAwSP8w==

yargs-unparser@2.0.0:
  version "2.0.0"
  resolved "https://pkgs.dev.azure.com/terrapin-prod/Terrapin/_packaging/open-source-packages-2/npm/registry/yargs-unparser/-/yargs-unparser-2.0.0.tgz#f131f9226911ae5d9ad38c432fe809366c2325eb"
  integrity sha1-8TH5ImkRrl2a04xDL+gJNmwjJes=
  dependencies:
    camelcase "^6.0.0"
    decamelize "^4.0.0"
    flat "^5.0.2"
    is-plain-obj "^2.1.0"

yargs@16.2.0:
  version "16.2.0"
  resolved "https://registry.yarnpkg.com/yargs/-/yargs-16.2.0.tgz#1c82bf0f6b6a66eafce7ef30e376f49a12477f66"
  integrity sha512-D1mvvtDG0L5ft/jGWkLpG1+m0eQxOfaBvTNELraWj22wSVUMWxZUvYgJYcKh6jGGIkJFhH4IZPQhR4TKpc8mBw==
  dependencies:
    cliui "^7.0.2"
    escalade "^3.1.1"
    get-caller-file "^2.0.5"
    require-directory "^2.1.1"
    string-width "^4.2.0"
    y18n "^5.0.5"
    yargs-parser "^20.2.2"

yocto-queue@^0.1.0:
  version "0.1.0"
  resolved "https://registry.yarnpkg.com/yocto-queue/-/yocto-queue-0.1.0.tgz#0294eb3dee05028d31ee1a5fa2c556a6aaf10a1b"
  integrity sha512-rVksvsnNCdJ/ohGc6xgPwyN8eheCxsiLM8mxuE/t/mOVqJewPuO1miLpTHQiRgTKCLexL4MeAFVagts7HmNZ2Q==
